
Microsoft Visual Studio Solution File, Format Version 12.00
# Visual Studio Version 17
VisualStudioVersion = 17.8.34408.163
MinimumVisualStudioVersion = 10.0.40219.1
Project("{9A19103F-16F7-4668-BE54-9A1E7A4F7556}") = "FalconWebAPI", "FalconWebAPI\FalconWebAPI.csproj", "{3EBC8335-D1A7-4D81-BA7A-650467FBAA6C}"
EndProject
Project("{9A19103F-16F7-4668-BE54-9A1E7A4F7556}") = "Falcon.Core", "Falcon.DomainLayer\Falcon.Core.csproj", "{E3667229-7FDB-4DCA-8B83-57F53D4451EC}"
EndProject
Project("{FAE04EC0-301F-11D3-BF4B-00C04F79EFBC}") = "Falcon.Application", "Falcon.Application\Falcon.Application.csproj", "{EBD39360-2138-4B3C-A6EB-20911EAA8153}"
EndProject
Project("{FAE04EC0-301F-11D3-BF4B-00C04F79EFBC}") = "Falcon.Infrastructure", "Falcon.Infrastructure\Falcon.Infrastructure.csproj", "{78404C28-0748-41D3-91A9-FC45A95DCDF9}"
EndProject
Global
	GlobalSection(SolutionConfigurationPlatforms) = preSolution
		Debug|Any CPU = Debug|Any CPU
		Release|Any CPU = Release|Any CPU
	EndGlobalSection
	GlobalSection(ProjectConfigurationPlatforms) = postSolution
		{3EBC8335-D1A7-4D81-BA7A-650467FBAA6C}.Debug|Any CPU.ActiveCfg = Debug|Any CPU
		{3EBC8335-D1A7-4D81-BA7A-650467FBAA6C}.Debug|Any CPU.Build.0 = Debug|Any CPU
		{3EBC8335-D1A7-4D81-BA7A-650467FBAA6C}.Release|Any CPU.ActiveCfg = Release|Any CPU
		{3EBC8335-D1A7-4D81-BA7A-650467FBAA6C}.Release|Any CPU.Build.0 = Release|Any CPU
		{E3667229-7FDB-4DCA-8B83-57F53D4451EC}.Debug|Any CPU.ActiveCfg = Debug|Any CPU
		{E3667229-7FDB-4DCA-8B83-57F53D4451EC}.Debug|Any CPU.Build.0 = Debug|Any CPU
		{E3667229-7FDB-4DCA-8B83-57F53D4451EC}.Release|Any CPU.ActiveCfg = Release|Any CPU
		{E3667229-7FDB-4DCA-8B83-57F53D4451EC}.Release|Any CPU.Build.0 = Release|Any CPU
		{EBD39360-2138-4B3C-A6EB-20911EAA8153}.Debug|Any CPU.ActiveCfg = Debug|Any CPU
		{EBD39360-2138-4B3C-A6EB-20911EAA8153}.Debug|Any CPU.Build.0 = Debug|Any CPU
		{EBD39360-2138-4B3C-A6EB-20911EAA8153}.Release|Any CPU.ActiveCfg = Release|Any CPU
		{EBD39360-2138-4B3C-A6EB-20911EAA8153}.Release|Any CPU.Build.0 = Release|Any CPU
		{78404C28-0748-41D3-91A9-FC45A95DCDF9}.Debug|Any CPU.ActiveCfg = Debug|Any CPU
		{78404C28-0748-41D3-91A9-FC45A95DCDF9}.Debug|Any CPU.Build.0 = Debug|Any CPU
		{78404C28-0748-41D3-91A9-FC45A95DCDF9}.Release|Any CPU.ActiveCfg = Release|Any CPU
		{78404C28-0748-41D3-91A9-FC45A95DCDF9}.Release|Any CPU.Build.0 = Release|Any CPU
	EndGlobalSection
	GlobalSection(SolutionProperties) = preSolution
		HideSolutionNode = FALSE
	EndGlobalSection
	GlobalSection(ExtensibilityGlobals) = postSolution
		SolutionGuid = {9DC9E886-12D9-46CA-9AFA-769603D95C5E}
	EndGlobalSection
EndGlobal
